{
  "name": "Entrega final",
  "lockfileVersion": 3,
  "requires": true,
  "packages": {
    "": {
      "dependencies": {
        "bootstrap": "^5.2.3",
        "luxon": "^3.2.1",
        "sweetalert2": "^11.7.1",
        "vegas": "^2.5.4"
      }
    },
    "node_modules/@popperjs/core": {
      "version": "2.11.6",
      "resolved": "https://registry.npmjs.org/@popperjs/core/-/core-2.11.6.tgz",
      "integrity": "sha512-50/17A98tWUfQ176raKiOGXuYpLyyVMkxxG6oylzL3BPOlA6ADGdK7EYunSa4I064xerltq9TGXs8HmOk5E+vw==",
      "peer": true,
      "funding": {
        "type": "opencollective",
        "url": "https://opencollective.com/popperjs"
      }
    },
    "node_modules/bootstrap": {
      "version": "5.2.3",
      "resolved": "https://registry.npmjs.org/bootstrap/-/bootstrap-5.2.3.tgz",
      "integrity": "sha512-cEKPM+fwb3cT8NzQZYEu4HilJ3anCrWqh3CHAok1p9jXqMPsPTBhU25fBckEJHJ/p+tTxTFTsFQGM+gaHpi3QQ==",
      "funding": [
        {
          "type": "github",
          "url": "https://github.com/sponsors/twbs"
        },
        {
          "type": "opencollective",
          "url": "https://opencollective.com/bootstrap"
        }
      ],
      "peerDependencies": {
        "@popperjs/core": "^2.11.6"
      }
    },
    "node_modules/luxon": {
      "version": "3.2.1",
      "resolved": "https://registry.npmjs.org/luxon/-/luxon-3.2.1.tgz",
      "integrity": "sha512-QrwPArQCNLAKGO/C+ZIilgIuDnEnKx5QYODdDtbFaxzsbZcc/a7WFq7MhsVYgRlwawLtvOUESTlfJ+hc/USqPg==",
      "engines": {
        "node": ">=12"
      }
    },
    "node_modules/sweetalert2": {
      "version": "11.7.1",
      "resolved": "https://registry.npmjs.org/sweetalert2/-/sweetalert2-11.7.1.tgz",
      "integrity": "sha512-+1bnkbqBl64FnZmi3g4SzAi4F3pL3S2jF1YQvrysv4GbgizfeFqGkJopxR3FnV/eJm6w2SQ2oAmCxSIBjgP/ag==",
      "funding": {
        "type": "individual",
        "url": "https://github.com/sponsors/limonte"
      }
    },
    "node_modules/vegas": {
      "version": "2.5.4",
      "resolved": "https://registry.npmjs.org/vegas/-/vegas-2.5.4.tgz",
      "integrity": "sha512-YwOeugnpDmlPoGUfr5h4CPpFJM5v1Uwbjah1+srewP58JEzHUkBjydEbwAGa9lIaeRnkLhC7Gc7+1vaBgxpURw=="
    }
  }
}
